{
  "originHash" : "7480176140a4bb2d7da0445b3c262debe880c804c23555a9931b4f5b09b3727f",
  "pins" : [
    {
      "identity" : "flipbook",
      "kind" : "remoteSourceControl",
      "location" : "https://github.com/bgayman/FlipBook.git",
      "state" : {
        "revision" : "1e3104afc43eaf73dab706102a39d54e471cf51d",
        "version" : "1.5.10"
      }
    },
    {
      "identity" : "gifu",
      "kind" : "remoteSourceControl",
      "location" : "https://github.com/kaishin/Gifu.git",
      "state" : {
        "revision" : "6e58fdb2a071489304e09c13561d342a99920ea3",
        "version" : "4.0.0"
      }
    },
    {
      "identity" : "swiftuiviewrecorder",
      "kind" : "remoteSourceControl",
      "location" : "https://github.com/frolovilya/SwiftUIViewRecorder",
      "state" : {
        "revision" : "c9a33f27f3bd959789f3a88123309f77236e171e",
        "version" : "0.1.0"
      }
    },
    {
      "identity" : "uiimageextensions",
      "kind" : "remoteSourceControl",
      "location" : "https://github.com/frolovilya/UIImageExtensions.git",
      "state" : {
        "revision" : "21c0dea5f6bdd0dd2ab40488b2b5da302c842838",
        "version" : "0.2.0"
      }
    }
  ],
  "version" : 3
}
